// !$*UTF8*$!
{
	archiveVersion = 1;
	classes = {
	};
	objectVersion = 48;
	objects = {

/* Begin PBXBuildFile section */
		52435B841FBF270A006DE637 /* Main.swift in Sources */ = {isa = PBXBuildFile; fileRef = 52435B831FBF270A006DE637 /* Main.swift */; };
		52435B861FBF2A44006DE637 /* ViewLaunch.swift in Sources */ = {isa = PBXBuildFile; fileRef = 52435B851FBF2A44006DE637 /* ViewLaunch.swift */; };
		52435B881FBF2CE3006DE637 /* ViewMain.swift in Sources */ = {isa = PBXBuildFile; fileRef = 52435B871FBF2CE3006DE637 /* ViewMain.swift */; };
		52435B8A1FBF3790006DE637 /* ViewSign.swift in Sources */ = {isa = PBXBuildFile; fileRef = 52435B891FBF3790006DE637 /* ViewSign.swift */; };
		52766CE51FCD49AD00E15545 /* ViewRead.swift in Sources */ = {isa = PBXBuildFile; fileRef = 52766CE41FCD49AD00E15545 /* ViewRead.swift */; };
		5289CB092180938A001536C7 /* fcore.framework in Frameworks */ = {isa = PBXBuildFile; fileRef = 5289CB082180938A001536C7 /* fcore.framework */; };
		5289CB0A2180938A001536C7 /* fcore.framework in Embed Frameworks */ = {isa = PBXBuildFile; fileRef = 5289CB082180938A001536C7 /* fcore.framework */; settings = {ATTRIBUTES = (CodeSignOnCopy, RemoveHeadersOnCopy, ); }; };
		52EAEDD41FBD73DA00B698BA /* AppDelegate.swift in Sources */ = {isa = PBXBuildFile; fileRef = 52EAEDD31FBD73DA00B698BA /* AppDelegate.swift */; };
		52EAEDDB1FBD73DA00B698BA /* Assets.xcassets in Resources */ = {isa = PBXBuildFile; fileRef = 52EAEDDA1FBD73DA00B698BA /* Assets.xcassets */; };
		52EAEE091FBD74F000B698BA /* Model.swift in Sources */ = {isa = PBXBuildFile; fileRef = 52EAEE071FBD74F000B698BA /* Model.swift */; };
		52EAEE0C1FBD74F700B698BA /* Launch.storyboard in Resources */ = {isa = PBXBuildFile; fileRef = 52EAEE0A1FBD74F600B698BA /* Launch.storyboard */; };
		52EAEE0D1FBD74F700B698BA /* Main.storyboard in Resources */ = {isa = PBXBuildFile; fileRef = 52EAEE0B1FBD74F700B698BA /* Main.storyboard */; };
		52F8B5CB1FCD3FCE0083BBE1 /* ViewWrite.swift in Sources */ = {isa = PBXBuildFile; fileRef = 52F8B5CA1FCD3FCE0083BBE1 /* ViewWrite.swift */; };
		52F8B5CD1FCD3FF40083BBE1 /* ViewMine.swift in Sources */ = {isa = PBXBuildFile; fileRef = 52F8B5CC1FCD3FF40083BBE1 /* ViewMine.swift */; };
/* End PBXBuildFile section */

/* Begin PBXCopyFilesBuildPhase section */
		5289CB0721809189001536C7 /* Embed Frameworks */ = {
			isa = PBXCopyFilesBuildPhase;
			buildActionMask = 2147483647;
			dstPath = "";
			dstSubfolderSpec = 10;
			files = (
				5289CB0A2180938A001536C7 /* fcore.framework in Embed Frameworks */,
			);
			name = "Embed Frameworks";
			runOnlyForDeploymentPostprocessing = 0;
		};
/* End PBXCopyFilesBuildPhase section */

/* Begin PBXFileReference section */
		52435B831FBF270A006DE637 /* Main.swift */ = {isa = PBXFileReference; lastKnownFileType = sourcecode.swift; path = Main.swift; sourceTree = "<group>"; };
		52435B851FBF2A44006DE637 /* ViewLaunch.swift */ = {isa = PBXFileReference; lastKnownFileType = sourcecode.swift; path = ViewLaunch.swift; sourceTree = "<group>"; };
		52435B871FBF2CE3006DE637 /* ViewMain.swift */ = {isa = PBXFileReference; lastKnownFileType = sourcecode.swift; path = ViewMain.swift; sourceTree = "<group>"; };
		52435B891FBF3790006DE637 /* ViewSign.swift */ = {isa = PBXFileReference; lastKnownFileType = sourcecode.swift; path = ViewSign.swift; sourceTree = "<group>"; };
		52766CE41FCD49AD00E15545 /* ViewRead.swift */ = {isa = PBXFileReference; lastKnownFileType = sourcecode.swift; path = ViewRead.swift; sourceTree = "<group>"; };
		5289CB082180938A001536C7 /* fcore.framework */ = {isa = PBXFileReference; lastKnownFileType = wrapper.framework; name = fcore.framework; path = framework/fcore.framework; sourceTree = "<group>"; };
		52EAEDD01FBD73DA00B698BA /* oneheart.app */ = {isa = PBXFileReference; explicitFileType = wrapper.application; includeInIndex = 0; path = oneheart.app; sourceTree = BUILT_PRODUCTS_DIR; };
		52EAEDD31FBD73DA00B698BA /* AppDelegate.swift */ = {isa = PBXFileReference; lastKnownFileType = sourcecode.swift; path = AppDelegate.swift; sourceTree = "<group>"; };
		52EAEDDA1FBD73DA00B698BA /* Assets.xcassets */ = {isa = PBXFileReference; lastKnownFileType = folder.assetcatalog; path = Assets.xcassets; sourceTree = "<group>"; };
		52EAEDDF1FBD73DA00B698BA /* Info.plist */ = {isa = PBXFileReference; lastKnownFileType = text.plist.xml; path = Info.plist; sourceTree = "<group>"; };
		52EAEE071FBD74F000B698BA /* Model.swift */ = {isa = PBXFileReference; fileEncoding = 4; lastKnownFileType = sourcecode.swift; path = Model.swift; sourceTree = "<group>"; };
		52EAEE0A1FBD74F600B698BA /* Launch.storyboard */ = {isa = PBXFileReference; fileEncoding = 4; lastKnownFileType = file.storyboard; path = Launch.storyboard; sourceTree = "<group>"; };
		52EAEE0B1FBD74F700B698BA /* Main.storyboard */ = {isa = PBXFileReference; fileEncoding = 4; lastKnownFileType = file.storyboard; path = Main.storyboard; sourceTree = "<group>"; };
		52F8B5CA1FCD3FCE0083BBE1 /* ViewWrite.swift */ = {isa = PBXFileReference; lastKnownFileType = sourcecode.swift; path = ViewWrite.swift; sourceTree = "<group>"; };
		52F8B5CC1FCD3FF40083BBE1 /* ViewMine.swift */ = {isa = PBXFileReference; lastKnownFileType = sourcecode.swift; path = ViewMine.swift; sourceTree = "<group>"; };
/* End PBXFileReference section */

/* Begin PBXFrameworksBuildPhase section */
		52EAEDCD1FBD73DA00B698BA /* Frameworks */ = {
			isa = PBXFrameworksBuildPhase;
			buildActionMask = 2147483647;
			files = (
				5289CB092180938A001536C7 /* fcore.framework in Frameworks */,
			);
			runOnlyForDeploymentPostprocessing = 0;
		};
/* End PBXFrameworksBuildPhase section */

/* Begin PBXGroup section */
		5289CAFE21808F60001536C7 /* Frameworks */ = {
			isa = PBXGroup;
			children = (
				5289CB082180938A001536C7 /* fcore.framework */,
			);
			name = Frameworks;
			sourceTree = "<group>";
		};
		52EAEDC71FBD73DA00B698BA = {
			isa = PBXGroup;
			children = (
				52EAEDD21FBD73DA00B698BA /* oneheart */,
				52EAEDD11FBD73DA00B698BA /* Products */,
				5289CAFE21808F60001536C7 /* Frameworks */,
			);
			sourceTree = "<group>";
		};
		52EAEDD11FBD73DA00B698BA /* Products */ = {
			isa = PBXGroup;
			children = (
				52EAEDD01FBD73DA00B698BA /* oneheart.app */,
			);
			name = Products;
			sourceTree = "<group>";
		};
		52EAEDD21FBD73DA00B698BA /* oneheart */ = {
			isa = PBXGroup;
			children = (
				52EAEDFB1FBD748800B698BA /* common */,
				52EAEDFC1FBD749400B698BA /* view */,
				52EAEDFD1FBD749E00B698BA /* storyboard */,
				52EAEDD31FBD73DA00B698BA /* AppDelegate.swift */,
				52EAEDDA1FBD73DA00B698BA /* Assets.xcassets */,
				52EAEDDF1FBD73DA00B698BA /* Info.plist */,
			);
			path = oneheart;
			sourceTree = "<group>";
		};
		52EAEDFB1FBD748800B698BA /* common */ = {
			isa = PBXGroup;
			children = (
				52EAEE071FBD74F000B698BA /* Model.swift */,
			);
			path = common;
			sourceTree = "<group>";
		};
		52EAEDFC1FBD749400B698BA /* view */ = {
			isa = PBXGroup;
			children = (
				52435B831FBF270A006DE637 /* Main.swift */,
				52435B851FBF2A44006DE637 /* ViewLaunch.swift */,
				52435B891FBF3790006DE637 /* ViewSign.swift */,
				52435B871FBF2CE3006DE637 /* ViewMain.swift */,
				52766CE41FCD49AD00E15545 /* ViewRead.swift */,
				52F8B5CA1FCD3FCE0083BBE1 /* ViewWrite.swift */,
				52F8B5CC1FCD3FF40083BBE1 /* ViewMine.swift */,
			);
			path = view;
			sourceTree = "<group>";
		};
		52EAEDFD1FBD749E00B698BA /* storyboard */ = {
			isa = PBXGroup;
			children = (
				52EAEE0A1FBD74F600B698BA /* Launch.storyboard */,
				52EAEE0B1FBD74F700B698BA /* Main.storyboard */,
			);
			path = storyboard;
			sourceTree = "<group>";
		};
/* End PBXGroup section */

/* Begin PBXNativeTarget section */
		52EAEDCF1FBD73DA00B698BA /* oneheart */ = {
			isa = PBXNativeTarget;
			buildConfigurationList = 52EAEDE21FBD73DA00B698BA /* Build configuration list for PBXNativeTarget "oneheart" */;
			buildPhases = (
				52EAEDCC1FBD73DA00B698BA /* Sources */,
				52EAEDCD1FBD73DA00B698BA /* Frameworks */,
				52EAEDCE1FBD73DA00B698BA /* Resources */,
				5289CB0721809189001536C7 /* Embed Frameworks */,
			);
			buildRules = (
			);
			dependencies = (
			);
			name = oneheart;
			productName = oneheart;
			productReference = 52EAEDD01FBD73DA00B698BA /* oneheart.app */;
			productType = "com.apple.product-type.application";
		};
/* End PBXNativeTarget section */

/* Begin PBXProject section */
		52EAEDC81FBD73DA00B698BA /* Project object */ = {
			isa = PBXProject;
			attributes = {
				LastSwiftUpdateCheck = 0910;
				LastUpgradeCheck = 1000;
				ORGANIZATIONNAME = fomjar;
				TargetAttributes = {
					52EAEDCF1FBD73DA00B698BA = {
						CreatedOnToolsVersion = 9.1;
						LastSwiftMigration = 1000;
						ProvisioningStyle = Automatic;
					};
				};
			};
			buildConfigurationList = 52EAEDCB1FBD73DA00B698BA /* Build configuration list for PBXProject "oneheart" */;
			compatibilityVersion = "Xcode 8.0";
			developmentRegion = en;
			hasScannedForEncodings = 0;
			knownRegions = (
				en,
				Base,
			);
			mainGroup = 52EAEDC71FBD73DA00B698BA;
			productRefGroup = 52EAEDD11FBD73DA00B698BA /* Products */;
			projectDirPath = "";
			projectRoot = "";
			targets = (
				52EAEDCF1FBD73DA00B698BA /* oneheart */,
			);
		};
/* End PBXProject section */

/* Begin PBXResourcesBuildPhase section */
		52EAEDCE1FBD73DA00B698BA /* Resources */ = {
			isa = PBXResourcesBuildPhase;
			buildActionMask = 2147483647;
			files = (
				52EAEE0D1FBD74F700B698BA /* Main.storyboard in Resources */,
				52EAEDDB1FBD73DA00B698BA /* Assets.xcassets in Resources */,
				52EAEE0C1FBD74F700B698BA /* Launch.storyboard in Resources */,
			);
			runOnlyForDeploymentPostprocessing = 0;
		};
/* End PBXResourcesBuildPhase section */

/* Begin PBXSourcesBuildPhase section */
		52EAEDCC1FBD73DA00B698BA /* Sources */ = {
			isa = PBXSourcesBuildPhase;
			buildActionMask = 2147483647;
			files = (
				52766CE51FCD49AD00E15545 /* ViewRead.swift in Sources */,
				52435B881FBF2CE3006DE637 /* ViewMain.swift in Sources */,
				52EAEE091FBD74F000B698BA /* Model.swift in Sources */,
				52EAEDD41FBD73DA00B698BA /* AppDelegate.swift in Sources */,
				52F8B5CD1FCD3FF40083BBE1 /* ViewMine.swift in Sources */,
				52435B8A1FBF3790006DE637 /* ViewSign.swift in Sources */,
				52435B841FBF270A006DE637 /* Main.swift in Sources */,
				52F8B5CB1FCD3FCE0083BBE1 /* ViewWrite.swift in Sources */,
				52435B861FBF2A44006DE637 /* ViewLaunch.swift in Sources */,
			);
			runOnlyForDeploymentPostprocessing = 0;
		};
/* End PBXSourcesBuildPhase section */

/* Begin XCBuildConfiguration section */
		52EAEDE01FBD73DA00B698BA /* Debug */ = {
			isa = XCBuildConfiguration;
			buildSettings = {
				ALWAYS_SEARCH_USER_PATHS = NO;
				CLANG_ANALYZER_NONNULL = YES;
				CLANG_ANALYZER_NUMBER_OBJECT_CONVERSION = YES_AGGRESSIVE;
				CLANG_CXX_LANGUAGE_STANDARD = "gnu++14";
				CLANG_CXX_LIBRARY = "libc++";
				CLANG_ENABLE_MODULES = YES;
				CLANG_ENABLE_OBJC_ARC = YES;
				CLANG_WARN_BLOCK_CAPTURE_AUTORELEASING = YES;
				CLANG_WARN_BOOL_CONVERSION = YES;
				CLANG_WARN_COMMA = YES;
				CLANG_WARN_CONSTANT_CONVERSION = YES;
				CLANG_WARN_DEPRECATED_OBJC_IMPLEMENTATIONS = YES;
				CLANG_WARN_DIRECT_OBJC_ISA_USAGE = YES_ERROR;
				CLANG_WARN_DOCUMENTATION_COMMENTS = YES;
				CLANG_WARN_EMPTY_BODY = YES;
				CLANG_WARN_ENUM_CONVERSION = YES;
				CLANG_WARN_INFINITE_RECURSION = YES;
				CLANG_WARN_INT_CONVERSION = YES;
				CLANG_WARN_NON_LITERAL_NULL_CONVERSION = YES;
				CLANG_WARN_OBJC_IMPLICIT_RETAIN_SELF = YES;
				CLANG_WARN_OBJC_LITERAL_CONVERSION = YES;
				CLANG_WARN_OBJC_ROOT_CLASS = YES_ERROR;
				CLANG_WARN_RANGE_LOOP_ANALYSIS = YES;
				CLANG_WARN_STRICT_PROTOTYPES = YES;
				CLANG_WARN_SUSPICIOUS_MOVE = YES;
				CLANG_WARN_UNGUARDED_AVAILABILITY = YES_AGGRESSIVE;
				CLANG_WARN_UNREACHABLE_CODE = YES;
				CLANG_WARN__DUPLICATE_METHOD_MATCH = YES;
				CODE_SIGN_IDENTITY = "iPhone Developer";
				COPY_PHASE_STRIP = NO;
				DEBUG_INFORMATION_FORMAT = dwarf;
				ENABLE_STRICT_OBJC_MSGSEND = YES;
				ENABLE_TESTABILITY = YES;
				GCC_C_LANGUAGE_STANDARD = gnu11;
				GCC_DYNAMIC_NO_PIC = NO;
				GCC_NO_COMMON_BLOCKS = YES;
				GCC_OPTIMIZATION_LEVEL = 0;
				GCC_PREPROCESSOR_DEFINITIONS = (
					"DEBUG=1",
					"$(inherited)",
				);
				GCC_WARN_64_TO_32_BIT_CONVERSION = YES;
				GCC_WARN_ABOUT_RETURN_TYPE = YES_ERROR;
				GCC_WARN_UNDECLARED_SELECTOR = YES;
				GCC_WARN_UNINITIALIZED_AUTOS = YES_AGGRESSIVE;
				GCC_WARN_UNUSED_FUNCTION = YES;
				GCC_WARN_UNUSED_VARIABLE = YES;
				IPHONEOS_DEPLOYMENT_TARGET = 12.0;
				MTL_ENABLE_DEBUG_INFO = YES;
				ONLY_ACTIVE_ARCH = YES;
				SDKROOT = iphoneos;
				SWIFT_ACTIVE_COMPILATION_CONDITIONS = DEBUG;
				SWIFT_OPTIMIZATION_LEVEL = "-Onone";
			};
			name = Debug;
		};
		52EAEDE11FBD73DA00B698BA /* Release */ = {
			isa = XCBuildConfiguration;
			buildSettings = {
				ALWAYS_SEARCH_USER_PATHS = NO;
				CLANG_ANALYZER_NONNULL = YES;
				CLANG_ANALYZER_NUMBER_OBJECT_CONVERSION = YES_AGGRESSIVE;
				CLANG_CXX_LANGUAGE_STANDARD = "gnu++14";
				CLANG_CXX_LIBRARY = "libc++";
				CLANG_ENABLE_MODULES = YES;
				CLANG_ENABLE_OBJC_ARC = YES;
				CLANG_WARN_BLOCK_CAPTURE_AUTORELEASING = YES;
				CLANG_WARN_BOOL_CONVERSION = YES;
				CLANG_WARN_COMMA = YES;
				CLANG_WARN_CONSTANT_CONVERSION = YES;
				CLANG_WARN_DEPRECATED_OBJC_IMPLEMENTATIONS = YES;
				CLANG_WARN_DIRECT_OBJC_ISA_USAGE = YES_ERROR;
				CLANG_WARN_DOCUMENTATION_COMMENTS = YES;
				CLANG_WARN_EMPTY_BODY = YES;
				CLANG_WARN_ENUM_CONVERSION = YES;
				CLANG_WARN_INFINITE_RECURSION = YES;
				CLANG_WARN_INT_CONVERSION = YES;
				CLANG_WARN_NON_LITERAL_NULL_CONVERSION = YES;
				CLANG_WARN_OBJC_IMPLICIT_RETAIN_SELF = YES;
				CLANG_WARN_OBJC_LITERAL_CONVERSION = YES;
				CLANG_WARN_OBJC_ROOT_CLASS = YES_ERROR;
				CLANG_WARN_RANGE_LOOP_ANALYSIS = YES;
				CLANG_WARN_STRICT_PROTOTYPES = YES;
				CLANG_WARN_SUSPICIOUS_MOVE = YES;
				CLANG_WARN_UNGUARDED_AVAILABILITY = YES_AGGRESSIVE;
				CLANG_WARN_UNREACHABLE_CODE = YES;
				CLANG_WARN__DUPLICATE_METHOD_MATCH = YES;
				CODE_SIGN_IDENTITY = "iPhone Developer";
				COPY_PHASE_STRIP = NO;
				DEBUG_INFORMATION_FORMAT = "dwarf-with-dsym";
				ENABLE_NS_ASSERTIONS = NO;
				ENABLE_STRICT_OBJC_MSGSEND = YES;
				GCC_C_LANGUAGE_STANDARD = gnu11;
				GCC_NO_COMMON_BLOCKS = YES;
				GCC_WARN_64_TO_32_BIT_CONVERSION = YES;
				GCC_WARN_ABOUT_RETURN_TYPE = YES_ERROR;
				GCC_WARN_UNDECLARED_SELECTOR = YES;
				GCC_WARN_UNINITIALIZED_AUTOS = YES_AGGRESSIVE;
				GCC_WARN_UNUSED_FUNCTION = YES;
				GCC_WARN_UNUSED_VARIABLE = YES;
				IPHONEOS_DEPLOYMENT_TARGET = 12.0;
				MTL_ENABLE_DEBUG_INFO = NO;
				SDKROOT = iphoneos;
				SWIFT_OPTIMIZATION_LEVEL = "-Owholemodule";
				VALIDATE_PRODUCT = YES;
			};
			name = Release;
		};
		52EAEDE31FBD73DA00B698BA /* Debug */ = {
			isa = XCBuildConfiguration;
			buildSettings = {
				ASSETCATALOG_COMPILER_APPICON_NAME = AppIcon;
				CODE_SIGN_STYLE = Automatic;
				DEVELOPMENT_TEAM = D42NM7V9P8;
				FRAMEWORK_SEARCH_PATHS = (
					"$(inherited)",
					"$(PROJECT_DIR)/framework",
				);
				INFOPLIST_FILE = oneheart/Info.plist;
				LD_RUNPATH_SEARCH_PATHS = "$(inherited) @executable_path/Frameworks";
				PRODUCT_BUNDLE_IDENTIFIER = com.fomjar.oneheart;
				PRODUCT_NAME = "$(TARGET_NAME)";
				SWIFT_VERSION = 4.2;
				TARGETED_DEVICE_FAMILY = "1,2";
			};
			name = Debug;
		};
		52EAEDE41FBD73DA00B698BA /* Release */ = {
			isa = XCBuildConfiguration;
			buildSettings = {
				ASSETCATALOG_COMPILER_APPICON_NAME = AppIcon;
				CODE_SIGN_STYLE = Automatic;
				DEVELOPMENT_TEAM = D42NM7V9P8;
				FRAMEWORK_SEARCH_PATHS = (
					"$(inherited)",
					"$(PROJECT_DIR)/framework",
				);
				INFOPLIST_FILE = oneheart/Info.plist;
				LD_RUNPATH_SEARCH_PATHS = "$(inherited) @executable_path/Frameworks";
				PRODUCT_BUNDLE_IDENTIFIER = com.fomjar.oneheart;
				PRODUCT_NAME = "$(TARGET_NAME)";
				SWIFT_VERSION = 4.2;
				TARGETED_DEVICE_FAMILY = "1,2";
			};
			name = Release;
		};
/* End XCBuildConfiguration section */

/* Begin XCConfigurationList section */
		52EAEDCB1FBD73DA00B698BA /* Build configuration list for PBXProject "oneheart" */ = {
			isa = XCConfigurationList;
			buildConfigurations = (
				52EAEDE01FBD73DA00B698BA /* Debug */,
				52EAEDE11FBD73DA00B698BA /* Release */,
			);
			defaultConfigurationIsVisible = 0;
			defaultConfigurationName = Release;
		};
		52EAEDE21FBD73DA00B698BA /* Build configuration list for PBXNativeTarget "oneheart" */ = {
			isa = XCConfigurationList;
			buildConfigurations = (
				52EAEDE31FBD73DA00B698BA /* Debug */,
				52EAEDE41FBD73DA00B698BA /* Release */,
			);
			defaultConfigurationIsVisible = 0;
			defaultConfigurationName = Release;
		};
/* End XCConfigurationList section */
	};
	rootObject = 52EAEDC81FBD73DA00B698BA /* Project object */;
}
