// !$*UTF8*$!
{
	archiveVersion = 1;
	classes = {
	};
	objectVersion = 48;
	objects = {

/* Begin PBXBuildFile section */
		524F1D0E1FB2955A009A58D1 /* ReadController.swift in Sources */ = {isa = PBXBuildFile; fileRef = 524F1D0B1FB2955A009A58D1 /* ReadController.swift */; };
		524F1D0F1FB2955A009A58D1 /* ConfigController.swift in Sources */ = {isa = PBXBuildFile; fileRef = 524F1D0C1FB2955A009A58D1 /* ConfigController.swift */; };
		524F1D141FB29C5E009A58D1 /* Main.storyboard in Resources */ = {isa = PBXBuildFile; fileRef = 524F1D131FB29C5E009A58D1 /* Main.storyboard */; };
		524F1D181FB29DF3009A58D1 /* Launch.storyboard in Resources */ = {isa = PBXBuildFile; fileRef = 524F1D171FB29DF3009A58D1 /* Launch.storyboard */; };
		528662B11FB423980049D47A /* Net.swift in Sources */ = {isa = PBXBuildFile; fileRef = 528662B01FB423980049D47A /* Net.swift */; };
		528662B31FB443E30049D47A /* Service.swift in Sources */ = {isa = PBXBuildFile; fileRef = 528662B21FB443E30049D47A /* Service.swift */; };
		528662B51FB4444C0049D47A /* Model.swift in Sources */ = {isa = PBXBuildFile; fileRef = 528662B41FB4444C0049D47A /* Model.swift */; };
		52CC78801FB1A875007D3E19 /* AppDelegate.swift in Sources */ = {isa = PBXBuildFile; fileRef = 52CC787F1FB1A875007D3E19 /* AppDelegate.swift */; };
		52CC78821FB1A875007D3E19 /* SignController.swift in Sources */ = {isa = PBXBuildFile; fileRef = 52CC78811FB1A875007D3E19 /* SignController.swift */; };
		52CC78871FB1A875007D3E19 /* Assets.xcassets in Resources */ = {isa = PBXBuildFile; fileRef = 52CC78861FB1A875007D3E19 /* Assets.xcassets */; };
		52CC78941FB1AED0007D3E19 /* LaunchController.swift in Sources */ = {isa = PBXBuildFile; fileRef = 52CC78931FB1AED0007D3E19 /* LaunchController.swift */; };
/* End PBXBuildFile section */

/* Begin PBXFileReference section */
		524F1D0B1FB2955A009A58D1 /* ReadController.swift */ = {isa = PBXFileReference; fileEncoding = 4; lastKnownFileType = sourcecode.swift; path = ReadController.swift; sourceTree = "<group>"; };
		524F1D0C1FB2955A009A58D1 /* ConfigController.swift */ = {isa = PBXFileReference; fileEncoding = 4; lastKnownFileType = sourcecode.swift; path = ConfigController.swift; sourceTree = "<group>"; };
		524F1D131FB29C5E009A58D1 /* Main.storyboard */ = {isa = PBXFileReference; fileEncoding = 4; lastKnownFileType = file.storyboard; path = Main.storyboard; sourceTree = "<group>"; };
		524F1D171FB29DF3009A58D1 /* Launch.storyboard */ = {isa = PBXFileReference; lastKnownFileType = file.storyboard; path = Launch.storyboard; sourceTree = "<group>"; };
		528662B01FB423980049D47A /* Net.swift */ = {isa = PBXFileReference; lastKnownFileType = sourcecode.swift; path = Net.swift; sourceTree = "<group>"; };
		528662B21FB443E30049D47A /* Service.swift */ = {isa = PBXFileReference; lastKnownFileType = sourcecode.swift; path = Service.swift; sourceTree = "<group>"; };
		528662B41FB4444C0049D47A /* Model.swift */ = {isa = PBXFileReference; lastKnownFileType = sourcecode.swift; path = Model.swift; sourceTree = "<group>"; };
		52CC787C1FB1A875007D3E19 /* OneHeart.app */ = {isa = PBXFileReference; explicitFileType = wrapper.application; includeInIndex = 0; path = OneHeart.app; sourceTree = BUILT_PRODUCTS_DIR; };
		52CC787F1FB1A875007D3E19 /* AppDelegate.swift */ = {isa = PBXFileReference; lastKnownFileType = sourcecode.swift; path = AppDelegate.swift; sourceTree = "<group>"; };
		52CC78811FB1A875007D3E19 /* SignController.swift */ = {isa = PBXFileReference; lastKnownFileType = sourcecode.swift; path = SignController.swift; sourceTree = "<group>"; };
		52CC78861FB1A875007D3E19 /* Assets.xcassets */ = {isa = PBXFileReference; lastKnownFileType = folder.assetcatalog; path = Assets.xcassets; sourceTree = "<group>"; };
		52CC788B1FB1A875007D3E19 /* Info.plist */ = {isa = PBXFileReference; lastKnownFileType = text.plist.xml; path = Info.plist; sourceTree = "<group>"; };
		52CC78931FB1AED0007D3E19 /* LaunchController.swift */ = {isa = PBXFileReference; lastKnownFileType = sourcecode.swift; path = LaunchController.swift; sourceTree = "<group>"; };
/* End PBXFileReference section */

/* Begin PBXFrameworksBuildPhase section */
		52CC78791FB1A875007D3E19 /* Frameworks */ = {
			isa = PBXFrameworksBuildPhase;
			buildActionMask = 2147483647;
			files = (
			);
			runOnlyForDeploymentPostprocessing = 0;
		};
/* End PBXFrameworksBuildPhase section */

/* Begin PBXGroup section */
		528662AF1FB4236B0049D47A /* common */ = {
			isa = PBXGroup;
			children = (
				528662B01FB423980049D47A /* Net.swift */,
				528662B21FB443E30049D47A /* Service.swift */,
				528662B41FB4444C0049D47A /* Model.swift */,
			);
			path = common;
			sourceTree = "<group>";
		};
		52CC78731FB1A875007D3E19 = {
			isa = PBXGroup;
			children = (
				52CC787E1FB1A875007D3E19 /* OneHeart */,
				52CC787D1FB1A875007D3E19 /* Products */,
			);
			sourceTree = "<group>";
		};
		52CC787D1FB1A875007D3E19 /* Products */ = {
			isa = PBXGroup;
			children = (
				52CC787C1FB1A875007D3E19 /* OneHeart.app */,
			);
			name = Products;
			sourceTree = "<group>";
		};
		52CC787E1FB1A875007D3E19 /* OneHeart */ = {
			isa = PBXGroup;
			children = (
				528662AF1FB4236B0049D47A /* common */,
				52CC78951FB1AF1F007D3E19 /* sb */,
				52CC78921FB1AA12007D3E19 /* controller */,
				52CC787F1FB1A875007D3E19 /* AppDelegate.swift */,
				52CC78861FB1A875007D3E19 /* Assets.xcassets */,
				52CC788B1FB1A875007D3E19 /* Info.plist */,
			);
			path = OneHeart;
			sourceTree = "<group>";
		};
		52CC78921FB1AA12007D3E19 /* controller */ = {
			isa = PBXGroup;
			children = (
				524F1D0B1FB2955A009A58D1 /* ReadController.swift */,
				524F1D0C1FB2955A009A58D1 /* ConfigController.swift */,
				52CC78811FB1A875007D3E19 /* SignController.swift */,
				52CC78931FB1AED0007D3E19 /* LaunchController.swift */,
			);
			path = controller;
			sourceTree = "<group>";
		};
		52CC78951FB1AF1F007D3E19 /* sb */ = {
			isa = PBXGroup;
			children = (
				524F1D131FB29C5E009A58D1 /* Main.storyboard */,
				524F1D171FB29DF3009A58D1 /* Launch.storyboard */,
			);
			path = sb;
			sourceTree = "<group>";
		};
/* End PBXGroup section */

/* Begin PBXNativeTarget section */
		52CC787B1FB1A875007D3E19 /* OneHeart */ = {
			isa = PBXNativeTarget;
			buildConfigurationList = 52CC788E1FB1A875007D3E19 /* Build configuration list for PBXNativeTarget "OneHeart" */;
			buildPhases = (
				52CC78781FB1A875007D3E19 /* Sources */,
				52CC78791FB1A875007D3E19 /* Frameworks */,
				52CC787A1FB1A875007D3E19 /* Resources */,
			);
			buildRules = (
			);
			dependencies = (
			);
			name = OneHeart;
			productName = OneHeart;
			productReference = 52CC787C1FB1A875007D3E19 /* OneHeart.app */;
			productType = "com.apple.product-type.application";
		};
/* End PBXNativeTarget section */

/* Begin PBXProject section */
		52CC78741FB1A875007D3E19 /* Project object */ = {
			isa = PBXProject;
			attributes = {
				LastSwiftUpdateCheck = 0910;
				LastUpgradeCheck = 0910;
				ORGANIZATIONNAME = fomjar;
				TargetAttributes = {
					52CC787B1FB1A875007D3E19 = {
						CreatedOnToolsVersion = 9.1;
						ProvisioningStyle = Automatic;
					};
				};
			};
			buildConfigurationList = 52CC78771FB1A875007D3E19 /* Build configuration list for PBXProject "OneHeart" */;
			compatibilityVersion = "Xcode 8.0";
			developmentRegion = en;
			hasScannedForEncodings = 0;
			knownRegions = (
				en,
				Base,
			);
			mainGroup = 52CC78731FB1A875007D3E19;
			productRefGroup = 52CC787D1FB1A875007D3E19 /* Products */;
			projectDirPath = "";
			projectRoot = "";
			targets = (
				52CC787B1FB1A875007D3E19 /* OneHeart */,
			);
		};
/* End PBXProject section */

/* Begin PBXResourcesBuildPhase section */
		52CC787A1FB1A875007D3E19 /* Resources */ = {
			isa = PBXResourcesBuildPhase;
			buildActionMask = 2147483647;
			files = (
				524F1D141FB29C5E009A58D1 /* Main.storyboard in Resources */,
				52CC78871FB1A875007D3E19 /* Assets.xcassets in Resources */,
				524F1D181FB29DF3009A58D1 /* Launch.storyboard in Resources */,
			);
			runOnlyForDeploymentPostprocessing = 0;
		};
/* End PBXResourcesBuildPhase section */

/* Begin PBXSourcesBuildPhase section */
		52CC78781FB1A875007D3E19 /* Sources */ = {
			isa = PBXSourcesBuildPhase;
			buildActionMask = 2147483647;
			files = (
				524F1D0E1FB2955A009A58D1 /* ReadController.swift in Sources */,
				528662B31FB443E30049D47A /* Service.swift in Sources */,
				524F1D0F1FB2955A009A58D1 /* ConfigController.swift in Sources */,
				52CC78941FB1AED0007D3E19 /* LaunchController.swift in Sources */,
				528662B11FB423980049D47A /* Net.swift in Sources */,
				52CC78821FB1A875007D3E19 /* SignController.swift in Sources */,
				52CC78801FB1A875007D3E19 /* AppDelegate.swift in Sources */,
				528662B51FB4444C0049D47A /* Model.swift in Sources */,
			);
			runOnlyForDeploymentPostprocessing = 0;
		};
/* End PBXSourcesBuildPhase section */

/* Begin XCBuildConfiguration section */
		52CC788C1FB1A875007D3E19 /* Debug */ = {
			isa = XCBuildConfiguration;
			buildSettings = {
				ALWAYS_SEARCH_USER_PATHS = NO;
				CLANG_ANALYZER_NONNULL = YES;
				CLANG_ANALYZER_NUMBER_OBJECT_CONVERSION = YES_AGGRESSIVE;
				CLANG_CXX_LANGUAGE_STANDARD = "gnu++14";
				CLANG_CXX_LIBRARY = "libc++";
				CLANG_ENABLE_MODULES = YES;
				CLANG_ENABLE_OBJC_ARC = YES;
				CLANG_WARN_BLOCK_CAPTURE_AUTORELEASING = YES;
				CLANG_WARN_BOOL_CONVERSION = YES;
				CLANG_WARN_COMMA = YES;
				CLANG_WARN_CONSTANT_CONVERSION = YES;
				CLANG_WARN_DIRECT_OBJC_ISA_USAGE = YES_ERROR;
				CLANG_WARN_DOCUMENTATION_COMMENTS = YES;
				CLANG_WARN_EMPTY_BODY = YES;
				CLANG_WARN_ENUM_CONVERSION = YES;
				CLANG_WARN_INFINITE_RECURSION = YES;
				CLANG_WARN_INT_CONVERSION = YES;
				CLANG_WARN_NON_LITERAL_NULL_CONVERSION = YES;
				CLANG_WARN_OBJC_LITERAL_CONVERSION = YES;
				CLANG_WARN_OBJC_ROOT_CLASS = YES_ERROR;
				CLANG_WARN_RANGE_LOOP_ANALYSIS = YES;
				CLANG_WARN_STRICT_PROTOTYPES = YES;
				CLANG_WARN_SUSPICIOUS_MOVE = YES;
				CLANG_WARN_UNGUARDED_AVAILABILITY = YES_AGGRESSIVE;
				CLANG_WARN_UNREACHABLE_CODE = YES;
				CLANG_WARN__DUPLICATE_METHOD_MATCH = YES;
				CODE_SIGN_IDENTITY = "iPhone Developer";
				COPY_PHASE_STRIP = NO;
				DEBUG_INFORMATION_FORMAT = dwarf;
				ENABLE_STRICT_OBJC_MSGSEND = YES;
				ENABLE_TESTABILITY = YES;
				GCC_C_LANGUAGE_STANDARD = gnu11;
				GCC_DYNAMIC_NO_PIC = NO;
				GCC_NO_COMMON_BLOCKS = YES;
				GCC_OPTIMIZATION_LEVEL = 0;
				GCC_PREPROCESSOR_DEFINITIONS = (
					"DEBUG=1",
					"$(inherited)",
				);
				GCC_WARN_64_TO_32_BIT_CONVERSION = YES;
				GCC_WARN_ABOUT_RETURN_TYPE = YES_ERROR;
				GCC_WARN_UNDECLARED_SELECTOR = YES;
				GCC_WARN_UNINITIALIZED_AUTOS = YES_AGGRESSIVE;
				GCC_WARN_UNUSED_FUNCTION = YES;
				GCC_WARN_UNUSED_VARIABLE = YES;
				IPHONEOS_DEPLOYMENT_TARGET = 11.1;
				MTL_ENABLE_DEBUG_INFO = YES;
				ONLY_ACTIVE_ARCH = YES;
				SDKROOT = iphoneos;
				SWIFT_ACTIVE_COMPILATION_CONDITIONS = DEBUG;
				SWIFT_OPTIMIZATION_LEVEL = "-Onone";
			};
			name = Debug;
		};
		52CC788D1FB1A875007D3E19 /* Release */ = {
			isa = XCBuildConfiguration;
			buildSettings = {
				ALWAYS_SEARCH_USER_PATHS = NO;
				CLANG_ANALYZER_NONNULL = YES;
				CLANG_ANALYZER_NUMBER_OBJECT_CONVERSION = YES_AGGRESSIVE;
				CLANG_CXX_LANGUAGE_STANDARD = "gnu++14";
				CLANG_CXX_LIBRARY = "libc++";
				CLANG_ENABLE_MODULES = YES;
				CLANG_ENABLE_OBJC_ARC = YES;
				CLANG_WARN_BLOCK_CAPTURE_AUTORELEASING = YES;
				CLANG_WARN_BOOL_CONVERSION = YES;
				CLANG_WARN_COMMA = YES;
				CLANG_WARN_CONSTANT_CONVERSION = YES;
				CLANG_WARN_DIRECT_OBJC_ISA_USAGE = YES_ERROR;
				CLANG_WARN_DOCUMENTATION_COMMENTS = YES;
				CLANG_WARN_EMPTY_BODY = YES;
				CLANG_WARN_ENUM_CONVERSION = YES;
				CLANG_WARN_INFINITE_RECURSION = YES;
				CLANG_WARN_INT_CONVERSION = YES;
				CLANG_WARN_NON_LITERAL_NULL_CONVERSION = YES;
				CLANG_WARN_OBJC_LITERAL_CONVERSION = YES;
				CLANG_WARN_OBJC_ROOT_CLASS = YES_ERROR;
				CLANG_WARN_RANGE_LOOP_ANALYSIS = YES;
				CLANG_WARN_STRICT_PROTOTYPES = YES;
				CLANG_WARN_SUSPICIOUS_MOVE = YES;
				CLANG_WARN_UNGUARDED_AVAILABILITY = YES_AGGRESSIVE;
				CLANG_WARN_UNREACHABLE_CODE = YES;
				CLANG_WARN__DUPLICATE_METHOD_MATCH = YES;
				CODE_SIGN_IDENTITY = "iPhone Developer";
				COPY_PHASE_STRIP = NO;
				DEBUG_INFORMATION_FORMAT = "dwarf-with-dsym";
				ENABLE_NS_ASSERTIONS = NO;
				ENABLE_STRICT_OBJC_MSGSEND = YES;
				GCC_C_LANGUAGE_STANDARD = gnu11;
				GCC_NO_COMMON_BLOCKS = YES;
				GCC_WARN_64_TO_32_BIT_CONVERSION = YES;
				GCC_WARN_ABOUT_RETURN_TYPE = YES_ERROR;
				GCC_WARN_UNDECLARED_SELECTOR = YES;
				GCC_WARN_UNINITIALIZED_AUTOS = YES_AGGRESSIVE;
				GCC_WARN_UNUSED_FUNCTION = YES;
				GCC_WARN_UNUSED_VARIABLE = YES;
				IPHONEOS_DEPLOYMENT_TARGET = 11.1;
				MTL_ENABLE_DEBUG_INFO = NO;
				SDKROOT = iphoneos;
				SWIFT_OPTIMIZATION_LEVEL = "-Owholemodule";
				VALIDATE_PRODUCT = YES;
			};
			name = Release;
		};
		52CC788F1FB1A875007D3E19 /* Debug */ = {
			isa = XCBuildConfiguration;
			buildSettings = {
				ASSETCATALOG_COMPILER_APPICON_NAME = AppIcon;
				CODE_SIGN_STYLE = Automatic;
				DEVELOPMENT_TEAM = D42NM7V9P8;
				INFOPLIST_FILE = OneHeart/Info.plist;
				LD_RUNPATH_SEARCH_PATHS = "$(inherited) @executable_path/Frameworks";
				PRODUCT_BUNDLE_IDENTIFIER = com.fomjar.OneHeart;
				PRODUCT_NAME = "$(TARGET_NAME)";
				SWIFT_VERSION = 4.0;
				TARGETED_DEVICE_FAMILY = "1,2";
			};
			name = Debug;
		};
		52CC78901FB1A875007D3E19 /* Release */ = {
			isa = XCBuildConfiguration;
			buildSettings = {
				ASSETCATALOG_COMPILER_APPICON_NAME = AppIcon;
				CODE_SIGN_STYLE = Automatic;
				DEVELOPMENT_TEAM = D42NM7V9P8;
				INFOPLIST_FILE = OneHeart/Info.plist;
				LD_RUNPATH_SEARCH_PATHS = "$(inherited) @executable_path/Frameworks";
				PRODUCT_BUNDLE_IDENTIFIER = com.fomjar.OneHeart;
				PRODUCT_NAME = "$(TARGET_NAME)";
				SWIFT_VERSION = 4.0;
				TARGETED_DEVICE_FAMILY = "1,2";
			};
			name = Release;
		};
/* End XCBuildConfiguration section */

/* Begin XCConfigurationList section */
		52CC78771FB1A875007D3E19 /* Build configuration list for PBXProject "OneHeart" */ = {
			isa = XCConfigurationList;
			buildConfigurations = (
				52CC788C1FB1A875007D3E19 /* Debug */,
				52CC788D1FB1A875007D3E19 /* Release */,
			);
			defaultConfigurationIsVisible = 0;
			defaultConfigurationName = Release;
		};
		52CC788E1FB1A875007D3E19 /* Build configuration list for PBXNativeTarget "OneHeart" */ = {
			isa = XCConfigurationList;
			buildConfigurations = (
				52CC788F1FB1A875007D3E19 /* Debug */,
				52CC78901FB1A875007D3E19 /* Release */,
			);
			defaultConfigurationIsVisible = 0;
			defaultConfigurationName = Release;
		};
/* End XCConfigurationList section */
	};
	rootObject = 52CC78741FB1A875007D3E19 /* Project object */;
}
